{
  "name": "sample-gce-app",
  "version": "1.0.0",
  "lockfileVersion": 3,
  "requires": true,
  "packages": {
    "": {
      "name": "sample-gce-app",
      "version": "1.0.0",
      "license": "ISC",
      "dependencies": {},
      "devDependencies": {
        "jest": "^29.0.0"
      }
    },
    "node_modules/@jest/types": {
      "version": "29.7.0",
      "resolved": "https://registry.npmjs.org/@jest/types/-/types-29.7.0.tgz",
      "integrity": "sha512-UuW5Sbml9AQktwTiS2HglDxgeU8XXVbR0n9z+5QtC5uX4n0VnEWfr0N9hPl3eL3lw0lUh3ln3Rz2m0yLbnEDhQ=="
    },
    "node_modules/jest": {
      "version": "29.7.0",
      "resolved": "https://registry.npmjs.org/jest/-/jest-29.7.0.tgz",
      "integrity": "sha512-1eW9icAGTZoVYyq5W3Zq5Rt9y1n8p/vQeRp8sYzKwhcEyxj1KsrdfVsfNUYvFshT4JvMF+hM4sS1L6o44HwXfg==",
      "dev": true,
      "dependencies": {
        "@jest/types": "^29.7.0",
        "jest-cli": "^29.7.0"
      },
      "bin": {
        "jest": "bin/jest.js"
      }
    },
    "node_modules/jest-cli": {
      "version": "29.7.0",
      "resolved": "https://registry.npmjs.org/jest-cli/-/jest-cli-29.7.0.tgz",
      "integrity": "sha512-LyC3KnF63DMkRxCA4MZ1I5yft9liTqQ4qKglh3BQEXUbvIsE+yd5mWibvFJ46UgzxXlCUK3A2lbfbXcaiylzYg==",
      "dev": true
    }
  },
  "dependencies": {
    "jest": {
      "version": "29.7.0",
      "resolved": "https://registry.npmjs.org/jest/-/jest-29.7.0.tgz",
      "integrity": "sha512-1eW9icAGTZoVYyq5W3Zq5Rt9y1n8p/vQeRp8sYzKwhcEyxj1KsrdfVsfNUYvFshT4JvMF+hM4sS1L6o44HwXfg==",
      "dev": true,
      "requires": {
        "@jest/types": "^29.7.0",
        "jest-cli": "^29.7.0"
      }
    }
  }
}
